// !$*UTF8*$!
{
	archiveVersion = 1;
	classes = {
	};
	objectVersion = 46;
	objects = {

/* Begin PBXBuildFile section */
		690E502E1D21E89D00B1D414 /* ListingViewController.m in Sources */ = {isa = PBXBuildFile; fileRef = 690E502D1D21E89D00B1D414 /* ListingViewController.m */; };
		694092281D21FE440026784D /* ListingContentViewController.m in Sources */ = {isa = PBXBuildFile; fileRef = 694092251D21FE440026784D /* ListingContentViewController.m */; };
		694092291D21FE440026784D /* ListingDetailsViewController.m in Sources */ = {isa = PBXBuildFile; fileRef = 694092271D21FE440026784D /* ListingDetailsViewController.m */; };
		698946C31D19FBAC0021AE0A /* main.m in Sources */ = {isa = PBXBuildFile; fileRef = 698946C21D19FBAC0021AE0A /* main.m */; };
		698946C61D19FBAC0021AE0A /* AppDelegate.m in Sources */ = {isa = PBXBuildFile; fileRef = 698946C51D19FBAC0021AE0A /* AppDelegate.m */; };
		698946CE1D19FBAC0021AE0A /* Images.xcassets in Resources */ = {isa = PBXBuildFile; fileRef = 698946CD1D19FBAC0021AE0A /* Images.xcassets */; };
		698946DD1D19FBAC0021AE0A /* ViewsTests.m in Sources */ = {isa = PBXBuildFile; fileRef = 698946DC1D19FBAC0021AE0A /* ViewsTests.m */; };
		698946E81D1A00E50021AE0A /* NeighbourhoodViewController.m in Sources */ = {isa = PBXBuildFile; fileRef = 698946E71D1A00E50021AE0A /* NeighbourhoodViewController.m */; };
/* End PBXBuildFile section */

/* Begin PBXContainerItemProxy section */
		698946D71D19FBAC0021AE0A /* PBXContainerItemProxy */ = {
			isa = PBXContainerItemProxy;
			containerPortal = 698946B51D19FBAC0021AE0A /* Project object */;
			proxyType = 1;
			remoteGlobalIDString = 698946BC1D19FBAC0021AE0A;
			remoteInfo = Views;
		};
/* End PBXContainerItemProxy section */

/* Begin PBXFileReference section */
		690E502C1D21E89D00B1D414 /* ListingViewController.h */ = {isa = PBXFileReference; fileEncoding = 4; lastKnownFileType = sourcecode.c.h; path = ListingViewController.h; sourceTree = "<group>"; };
		690E502D1D21E89D00B1D414 /* ListingViewController.m */ = {isa = PBXFileReference; fileEncoding = 4; lastKnownFileType = sourcecode.c.objc; path = ListingViewController.m; sourceTree = "<group>"; };
		694092241D21FE440026784D /* ListingContentViewController.h */ = {isa = PBXFileReference; fileEncoding = 4; lastKnownFileType = sourcecode.c.h; path = ListingContentViewController.h; sourceTree = "<group>"; };
		694092251D21FE440026784D /* ListingContentViewController.m */ = {isa = PBXFileReference; fileEncoding = 4; lastKnownFileType = sourcecode.c.objc; path = ListingContentViewController.m; sourceTree = "<group>"; };
		694092261D21FE440026784D /* ListingDetailsViewController.h */ = {isa = PBXFileReference; fileEncoding = 4; lastKnownFileType = sourcecode.c.h; path = ListingDetailsViewController.h; sourceTree = "<group>"; };
		694092271D21FE440026784D /* ListingDetailsViewController.m */ = {isa = PBXFileReference; fileEncoding = 4; lastKnownFileType = sourcecode.c.objc; path = ListingDetailsViewController.m; sourceTree = "<group>"; };
		698946BD1D19FBAC0021AE0A /* Views.app */ = {isa = PBXFileReference; explicitFileType = wrapper.application; includeInIndex = 0; path = Views.app; sourceTree = BUILT_PRODUCTS_DIR; };
		698946C11D19FBAC0021AE0A /* Info.plist */ = {isa = PBXFileReference; lastKnownFileType = text.plist.xml; path = Info.plist; sourceTree = "<group>"; };
		698946C21D19FBAC0021AE0A /* main.m */ = {isa = PBXFileReference; lastKnownFileType = sourcecode.c.objc; path = main.m; sourceTree = "<group>"; };
		698946C41D19FBAC0021AE0A /* AppDelegate.h */ = {isa = PBXFileReference; lastKnownFileType = sourcecode.c.h; path = AppDelegate.h; sourceTree = "<group>"; };
		698946C51D19FBAC0021AE0A /* AppDelegate.m */ = {isa = PBXFileReference; lastKnownFileType = sourcecode.c.objc; path = AppDelegate.m; sourceTree = "<group>"; };
		698946CD1D19FBAC0021AE0A /* Images.xcassets */ = {isa = PBXFileReference; lastKnownFileType = folder.assetcatalog; path = Images.xcassets; sourceTree = "<group>"; };
		698946D61D19FBAC0021AE0A /* ViewsTests.xctest */ = {isa = PBXFileReference; explicitFileType = wrapper.cfbundle; includeInIndex = 0; path = ViewsTests.xctest; sourceTree = BUILT_PRODUCTS_DIR; };
		698946DB1D19FBAC0021AE0A /* Info.plist */ = {isa = PBXFileReference; lastKnownFileType = text.plist.xml; path = Info.plist; sourceTree = "<group>"; };
		698946DC1D19FBAC0021AE0A /* ViewsTests.m */ = {isa = PBXFileReference; lastKnownFileType = sourcecode.c.objc; path = ViewsTests.m; sourceTree = "<group>"; };
		698946E61D1A00E50021AE0A /* NeighbourhoodViewController.h */ = {isa = PBXFileReference; fileEncoding = 4; lastKnownFileType = sourcecode.c.h; path = NeighbourhoodViewController.h; sourceTree = "<group>"; };
		698946E71D1A00E50021AE0A /* NeighbourhoodViewController.m */ = {isa = PBXFileReference; fileEncoding = 4; lastKnownFileType = sourcecode.c.objc; path = NeighbourhoodViewController.m; sourceTree = "<group>"; };
/* End PBXFileReference section */

/* Begin PBXFrameworksBuildPhase section */
		698946BA1D19FBAC0021AE0A /* Frameworks */ = {
			isa = PBXFrameworksBuildPhase;
			buildActionMask = 2147483647;
			files = (
			);
			runOnlyForDeploymentPostprocessing = 0;
		};
		698946D31D19FBAC0021AE0A /* Frameworks */ = {
			isa = PBXFrameworksBuildPhase;
			buildActionMask = 2147483647;
			files = (
			);
			runOnlyForDeploymentPostprocessing = 0;
		};
/* End PBXFrameworksBuildPhase section */

/* Begin PBXGroup section */
		6940922A1D2209640026784D /* Browse */ = {
			isa = PBXGroup;
			children = (
				694092241D21FE440026784D /* ListingContentViewController.h */,
				694092251D21FE440026784D /* ListingContentViewController.m */,
				694092261D21FE440026784D /* ListingDetailsViewController.h */,
				694092271D21FE440026784D /* ListingDetailsViewController.m */,
				690E502C1D21E89D00B1D414 /* ListingViewController.h */,
				690E502D1D21E89D00B1D414 /* ListingViewController.m */,
				698946E61D1A00E50021AE0A /* NeighbourhoodViewController.h */,
				698946E71D1A00E50021AE0A /* NeighbourhoodViewController.m */,
			);
			name = Browse;
			sourceTree = "<group>";
		};
		698946B41D19FBAC0021AE0A = {
			isa = PBXGroup;
			children = (
				698946BF1D19FBAC0021AE0A /* Views */,
				698946D91D19FBAC0021AE0A /* ViewsTests */,
				698946BE1D19FBAC0021AE0A /* Products */,
			);
			sourceTree = "<group>";
		};
		698946BE1D19FBAC0021AE0A /* Products */ = {
			isa = PBXGroup;
			children = (
				698946BD1D19FBAC0021AE0A /* Views.app */,
				698946D61D19FBAC0021AE0A /* ViewsTests.xctest */,
			);
			name = Products;
			sourceTree = "<group>";
		};
		698946BF1D19FBAC0021AE0A /* Views */ = {
			isa = PBXGroup;
			children = (
				6940922A1D2209640026784D /* Browse */,
				698946C41D19FBAC0021AE0A /* AppDelegate.h */,
				698946C51D19FBAC0021AE0A /* AppDelegate.m */,
				698946CD1D19FBAC0021AE0A /* Images.xcassets */,
				698946C01D19FBAC0021AE0A /* Supporting Files */,
			);
			path = Views;
			sourceTree = "<group>";
		};
		698946C01D19FBAC0021AE0A /* Supporting Files */ = {
			isa = PBXGroup;
			children = (
				698946C11D19FBAC0021AE0A /* Info.plist */,
				698946C21D19FBAC0021AE0A /* main.m */,
			);
			name = "Supporting Files";
			sourceTree = "<group>";
		};
		698946D91D19FBAC0021AE0A /* ViewsTests */ = {
			isa = PBXGroup;
			children = (
				698946DC1D19FBAC0021AE0A /* ViewsTests.m */,
				698946DA1D19FBAC0021AE0A /* Supporting Files */,
			);
			path = ViewsTests;
			sourceTree = "<group>";
		};
		698946DA1D19FBAC0021AE0A /* Supporting Files */ = {
			isa = PBXGroup;
			children = (
				698946DB1D19FBAC0021AE0A /* Info.plist */,
			);
			name = "Supporting Files";
			sourceTree = "<group>";
		};
/* End PBXGroup section */

/* Begin PBXNativeTarget section */
		698946BC1D19FBAC0021AE0A /* Views */ = {
			isa = PBXNativeTarget;
			buildConfigurationList = 698946E01D19FBAC0021AE0A /* Build configuration list for PBXNativeTarget "Views" */;
			buildPhases = (
				698946B91D19FBAC0021AE0A /* Sources */,
				698946BA1D19FBAC0021AE0A /* Frameworks */,
				698946BB1D19FBAC0021AE0A /* Resources */,
			);
			buildRules = (
			);
			dependencies = (
			);
			name = Views;
			productName = Views;
			productReference = 698946BD1D19FBAC0021AE0A /* Views.app */;
			productType = "com.apple.product-type.application";
		};
		698946D51D19FBAC0021AE0A /* ViewsTests */ = {
			isa = PBXNativeTarget;
			buildConfigurationList = 698946E31D19FBAC0021AE0A /* Build configuration list for PBXNativeTarget "ViewsTests" */;
			buildPhases = (
				698946D21D19FBAC0021AE0A /* Sources */,
				698946D31D19FBAC0021AE0A /* Frameworks */,
				698946D41D19FBAC0021AE0A /* Resources */,
			);
			buildRules = (
			);
			dependencies = (
				698946D81D19FBAC0021AE0A /* PBXTargetDependency */,
			);
			name = ViewsTests;
			productName = ViewsTests;
			productReference = 698946D61D19FBAC0021AE0A /* ViewsTests.xctest */;
			productType = "com.apple.product-type.bundle.unit-test";
		};
/* End PBXNativeTarget section */

/* Begin PBXProject section */
		698946B51D19FBAC0021AE0A /* Project object */ = {
			isa = PBXProject;
			attributes = {
				LastUpgradeCheck = 0630;
				ORGANIZATIONNAME = "Michael Lai";
				TargetAttributes = {
					698946BC1D19FBAC0021AE0A = {
						CreatedOnToolsVersion = 6.3.2;
					};
					698946D51D19FBAC0021AE0A = {
						CreatedOnToolsVersion = 6.3.2;
						TestTargetID = 698946BC1D19FBAC0021AE0A;
					};
				};
			};
			buildConfigurationList = 698946B81D19FBAC0021AE0A /* Build configuration list for PBXProject "Views" */;
			compatibilityVersion = "Xcode 3.2";
			developmentRegion = English;
			hasScannedForEncodings = 0;
			knownRegions = (
				en,
				Base,
			);
			mainGroup = 698946B41D19FBAC0021AE0A;
			productRefGroup = 698946BE1D19FBAC0021AE0A /* Products */;
			projectDirPath = "";
			projectRoot = "";
			targets = (
				698946BC1D19FBAC0021AE0A /* Views */,
				698946D51D19FBAC0021AE0A /* ViewsTests */,
			);
		};
/* End PBXProject section */

/* Begin PBXResourcesBuildPhase section */
		698946BB1D19FBAC0021AE0A /* Resources */ = {
			isa = PBXResourcesBuildPhase;
			buildActionMask = 2147483647;
			files = (
				698946CE1D19FBAC0021AE0A /* Images.xcassets in Resources */,
			);
			runOnlyForDeploymentPostprocessing = 0;
		};
		698946D41D19FBAC0021AE0A /* Resources */ = {
			isa = PBXResourcesBuildPhase;
			buildActionMask = 2147483647;
			files = (
			);
			runOnlyForDeploymentPostprocessing = 0;
		};
/* End PBXResourcesBuildPhase section */

/* Begin PBXSourcesBuildPhase section */
		698946B91D19FBAC0021AE0A /* Sources */ = {
			isa = PBXSourcesBuildPhase;
			buildActionMask = 2147483647;
			files = (
				690E502E1D21E89D00B1D414 /* ListingViewController.m in Sources */,
				694092281D21FE440026784D /* ListingContentViewController.m in Sources */,
				694092291D21FE440026784D /* ListingDetailsViewController.m in Sources */,
				698946E81D1A00E50021AE0A /* NeighbourhoodViewController.m in Sources */,
				698946C61D19FBAC0021AE0A /* AppDelegate.m in Sources */,
				698946C31D19FBAC0021AE0A /* main.m in Sources */,
			);
			runOnlyForDeploymentPostprocessing = 0;
		};
		698946D21D19FBAC0021AE0A /* Sources */ = {
			isa = PBXSourcesBuildPhase;
			buildActionMask = 2147483647;
			files = (
				698946DD1D19FBAC0021AE0A /* ViewsTests.m in Sources */,
			);
			runOnlyForDeploymentPostprocessing = 0;
		};
/* End PBXSourcesBuildPhase section */

/* Begin PBXTargetDependency section */
		698946D81D19FBAC0021AE0A /* PBXTargetDependency */ = {
			isa = PBXTargetDependency;
			target = 698946BC1D19FBAC0021AE0A /* Views */;
			targetProxy = 698946D71D19FBAC0021AE0A /* PBXContainerItemProxy */;
		};
/* End PBXTargetDependency section */

/* Begin XCBuildConfiguration section */
		698946DE1D19FBAC0021AE0A /* Debug */ = {
			isa = XCBuildConfiguration;
			buildSettings = {
				ALWAYS_SEARCH_USER_PATHS = NO;
				CLANG_CXX_LANGUAGE_STANDARD = "gnu++0x";
				CLANG_CXX_LIBRARY = "libc++";
				CLANG_ENABLE_MODULES = YES;
				CLANG_ENABLE_OBJC_ARC = YES;
				CLANG_WARN_BOOL_CONVERSION = YES;
				CLANG_WARN_CONSTANT_CONVERSION = YES;
				CLANG_WARN_DIRECT_OBJC_ISA_USAGE = YES_ERROR;
				CLANG_WARN_EMPTY_BODY = YES;
				CLANG_WARN_ENUM_CONVERSION = YES;
				CLANG_WARN_INT_CONVERSION = YES;
				CLANG_WARN_OBJC_ROOT_CLASS = YES_ERROR;
				CLANG_WARN_UNREACHABLE_CODE = YES;
				CLANG_WARN__DUPLICATE_METHOD_MATCH = YES;
				"CODE_SIGN_IDENTITY[sdk=iphoneos*]" = "iPhone Developer";
				COPY_PHASE_STRIP = NO;
				DEBUG_INFORMATION_FORMAT = "dwarf-with-dsym";
				ENABLE_STRICT_OBJC_MSGSEND = YES;
				GCC_C_LANGUAGE_STANDARD = gnu99;
				GCC_DYNAMIC_NO_PIC = NO;
				GCC_NO_COMMON_BLOCKS = YES;
				GCC_OPTIMIZATION_LEVEL = 0;
				GCC_PREPROCESSOR_DEFINITIONS = (
					"DEBUG=1",
					"$(inherited)",
				);
				GCC_SYMBOLS_PRIVATE_EXTERN = NO;
				GCC_WARN_64_TO_32_BIT_CONVERSION = YES;
				GCC_WARN_ABOUT_RETURN_TYPE = YES_ERROR;
				GCC_WARN_UNDECLARED_SELECTOR = YES;
				GCC_WARN_UNINITIALIZED_AUTOS = YES_AGGRESSIVE;
				GCC_WARN_UNUSED_FUNCTION = YES;
				GCC_WARN_UNUSED_VARIABLE = YES;
				IPHONEOS_DEPLOYMENT_TARGET = 8.3;
				MTL_ENABLE_DEBUG_INFO = YES;
				ONLY_ACTIVE_ARCH = YES;
				SDKROOT = iphoneos;
				TARGETED_DEVICE_FAMILY = "1,2";
			};
			name = Debug;
		};
		698946DF1D19FBAC0021AE0A /* Release */ = {
			isa = XCBuildConfiguration;
			buildSettings = {
				ALWAYS_SEARCH_USER_PATHS = NO;
				CLANG_CXX_LANGUAGE_STANDARD = "gnu++0x";
				CLANG_CXX_LIBRARY = "libc++";
				CLANG_ENABLE_MODULES = YES;
				CLANG_ENABLE_OBJC_ARC = YES;
				CLANG_WARN_BOOL_CONVERSION = YES;
				CLANG_WARN_CONSTANT_CONVERSION = YES;
				CLANG_WARN_DIRECT_OBJC_ISA_USAGE = YES_ERROR;
				CLANG_WARN_EMPTY_BODY = YES;
				CLANG_WARN_ENUM_CONVERSION = YES;
				CLANG_WARN_INT_CONVERSION = YES;
				CLANG_WARN_OBJC_ROOT_CLASS = YES_ERROR;
				CLANG_WARN_UNREACHABLE_CODE = YES;
				CLANG_WARN__DUPLICATE_METHOD_MATCH = YES;
				"CODE_SIGN_IDENTITY[sdk=iphoneos*]" = "iPhone Developer";
				COPY_PHASE_STRIP = NO;
				DEBUG_INFORMATION_FORMAT = "dwarf-with-dsym";
				ENABLE_NS_ASSERTIONS = NO;
				ENABLE_STRICT_OBJC_MSGSEND = YES;
				GCC_C_LANGUAGE_STANDARD = gnu99;
				GCC_NO_COMMON_BLOCKS = YES;
				GCC_WARN_64_TO_32_BIT_CONVERSION = YES;
				GCC_WARN_ABOUT_RETURN_TYPE = YES_ERROR;
				GCC_WARN_UNDECLARED_SELECTOR = YES;
				GCC_WARN_UNINITIALIZED_AUTOS = YES_AGGRESSIVE;
				GCC_WARN_UNUSED_FUNCTION = YES;
				GCC_WARN_UNUSED_VARIABLE = YES;
				IPHONEOS_DEPLOYMENT_TARGET = 8.3;
				MTL_ENABLE_DEBUG_INFO = NO;
				SDKROOT = iphoneos;
				TARGETED_DEVICE_FAMILY = "1,2";
				VALIDATE_PRODUCT = YES;
			};
			name = Release;
		};
		698946E11D19FBAC0021AE0A /* Debug */ = {
			isa = XCBuildConfiguration;
			buildSettings = {
				ASSETCATALOG_COMPILER_APPICON_NAME = AppIcon;
				CODE_SIGN_IDENTITY = "iPhone Developer";
				INFOPLIST_FILE = Views/Info.plist;
				LD_RUNPATH_SEARCH_PATHS = "$(inherited) @executable_path/Frameworks";
				PRODUCT_NAME = "$(TARGET_NAME)";
			};
			name = Debug;
		};
		698946E21D19FBAC0021AE0A /* Release */ = {
			isa = XCBuildConfiguration;
			buildSettings = {
				ASSETCATALOG_COMPILER_APPICON_NAME = AppIcon;
				CODE_SIGN_IDENTITY = "iPhone Developer";
				INFOPLIST_FILE = Views/Info.plist;
				LD_RUNPATH_SEARCH_PATHS = "$(inherited) @executable_path/Frameworks";
				PRODUCT_NAME = "$(TARGET_NAME)";
			};
			name = Release;
		};
		698946E41D19FBAC0021AE0A /* Debug */ = {
			isa = XCBuildConfiguration;
			buildSettings = {
				BUNDLE_LOADER = "$(TEST_HOST)";
				FRAMEWORK_SEARCH_PATHS = (
					"$(SDKROOT)/Developer/Library/Frameworks",
					"$(inherited)",
				);
				GCC_PREPROCESSOR_DEFINITIONS = (
					"DEBUG=1",
					"$(inherited)",
				);
				INFOPLIST_FILE = ViewsTests/Info.plist;
				LD_RUNPATH_SEARCH_PATHS = "$(inherited) @executable_path/Frameworks @loader_path/Frameworks";
				PRODUCT_NAME = "$(TARGET_NAME)";
				TEST_HOST = "$(BUILT_PRODUCTS_DIR)/Views.app/Views";
			};
			name = Debug;
		};
		698946E51D19FBAC0021AE0A /* Release */ = {
			isa = XCBuildConfiguration;
			buildSettings = {
				BUNDLE_LOADER = "$(TEST_HOST)";
				FRAMEWORK_SEARCH_PATHS = (
					"$(SDKROOT)/Developer/Library/Frameworks",
					"$(inherited)",
				);
				INFOPLIST_FILE = ViewsTests/Info.plist;
				LD_RUNPATH_SEARCH_PATHS = "$(inherited) @executable_path/Frameworks @loader_path/Frameworks";
				PRODUCT_NAME = "$(TARGET_NAME)";
				TEST_HOST = "$(BUILT_PRODUCTS_DIR)/Views.app/Views";
			};
			name = Release;
		};
/* End XCBuildConfiguration section */

/* Begin XCConfigurationList section */
		698946B81D19FBAC0021AE0A /* Build configuration list for PBXProject "Views" */ = {
			isa = XCConfigurationList;
			buildConfigurations = (
				698946DE1D19FBAC0021AE0A /* Debug */,
				698946DF1D19FBAC0021AE0A /* Release */,
			);
			defaultConfigurationIsVisible = 0;
			defaultConfigurationName = Release;
		};
		698946E01D19FBAC0021AE0A /* Build configuration list for PBXNativeTarget "Views" */ = {
			isa = XCConfigurationList;
			buildConfigurations = (
				698946E11D19FBAC0021AE0A /* Debug */,
				698946E21D19FBAC0021AE0A /* Release */,
			);
			defaultConfigurationIsVisible = 0;
			defaultConfigurationName = Release;
		};
		698946E31D19FBAC0021AE0A /* Build configuration list for PBXNativeTarget "ViewsTests" */ = {
			isa = XCConfigurationList;
			buildConfigurations = (
				698946E41D19FBAC0021AE0A /* Debug */,
				698946E51D19FBAC0021AE0A /* Release */,
			);
			defaultConfigurationIsVisible = 0;
			defaultConfigurationName = Release;
		};
/* End XCConfigurationList section */
	};
	rootObject = 698946B51D19FBAC0021AE0A /* Project object */;
}
